<Solution>
  <Project Path="../CREATE_ROOM/CREATE_ROOM.pyproj" Type="888888a0-9f3d-457c-b088-3a5042f75d52">
    <Build Project="false" />
  </Project>
  <Project Path="SIGNUP-DASHBOARD.pyproj" Type="888888a0-9f3d-457c-b088-3a5042f75d52">
    <Build Project="false" />
  </Project>
</Solution>
